go.llib.dev/frameless v0.204.0 h1:foyRXjf6rBP8J4PGz4+AB6l+MZ6cUsB3FTZmYutU+hs=
go.llib.dev/frameless v0.204.0/go.mod h1:JNSPWyGO92oFSr9b0hQYyKnvKXaxl+IZ1iVLuugw6VM=
go.llib.dev/frameless v0.206.0 h1:a8uRhYiGqO0lcyJRgXkHWgEBhpJ9uOFGgswxP+RoCOA=
go.llib.dev/frameless v0.206.0/go.mod h1:JNSPWyGO92oFSr9b0hQYyKnvKXaxl+IZ1iVLuugw6VM=
go.llib.dev/testcase v0.147.2 h1:mlnmm+ZGD3R741T/o70oSHnYwOSN9bCLOTJKZP/ksPg=
go.llib.dev/testcase v0.147.2/go.mod h1:eNeWtttI6gxtHp/+r4X2Iqwv1QfIvcPTDHaAtkItfuQ=
